
Microsoft Visual Studio Solution File, Format Version 12.00
# Visual Studio Version 17
VisualStudioVersion = 17.5.002.0
MinimumVisualStudioVersion = 10.0.40219.1
Project("{9A19103F-16F7-4668-BE54-9A1E7A4F7556}") = "SubscriptionApi", "SubscriptionApi.csproj", "{133FDF0E-E715-4CFA-9F04-1DD29DA4A191}"
EndProject
Global
	GlobalSection(SolutionConfigurationPlatforms) = preSolution
		Debug|Any CPU = Debug|Any CPU
		Release|Any CPU = Release|Any CPU
	EndGlobalSection
	GlobalSection(ProjectConfigurationPlatforms) = postSolution
		{133FDF0E-E715-4CFA-9F04-1DD29DA4A191}.Debug|Any CPU.ActiveCfg = Debug|Any CPU
		{133FDF0E-E715-4CFA-9F04-1DD29DA4A191}.Debug|Any CPU.Build.0 = Debug|Any CPU
		{133FDF0E-E715-4CFA-9F04-1DD29DA4A191}.Release|Any CPU.ActiveCfg = Release|Any CPU
		{133FDF0E-E715-4CFA-9F04-1DD29DA4A191}.Release|Any CPU.Build.0 = Release|Any CPU
	EndGlobalSection
	GlobalSection(SolutionProperties) = preSolution
		HideSolutionNode = FALSE
	EndGlobalSection
	GlobalSection(ExtensibilityGlobals) = postSolution
		SolutionGuid = {804ADB70-9026-4D02-B5AC-DDD5072F9DA8}
	EndGlobalSection
EndGlobal
